# THIS IS AN AUTOGENERATED FILE. DO NOT EDIT THIS FILE DIRECTLY.
# yarn lockfile v1


"@substrate/playground-client@1.4.1":
  version "1.4.1"
  resolved "https://registry.yarnpkg.com/@substrate/playground-client/-/playground-client-1.4.1.tgz#1b830d0ff6d482894444db8863b2fad9d928d309"
  integrity sha512-v4K87QeY3nedO/ayGZJQEwdQP9MHuRi8Hk2Esrm49gLmXedZxnom0YK93JdvaQg2mYScfAYS2Iv4DwdeRRQ4Kg==

"@types/node@14.14.32":
  version "14.14.32"
  resolved "https://registry.yarnpkg.com/@types/node/-/node-14.14.32.tgz#90c5c4a8d72bbbfe53033f122341343249183448"
  integrity sha512-/Ctrftx/zp4m8JOujM5ZhwzlWLx22nbQJiVqz8/zE15gOeEW+uly3FSX4fGFpcfEvFzXcMCJwq9lGVWgyARXhg==

"@types/prop-types@*":
  version "15.7.3"
  resolved "https://registry.yarnpkg.com/@types/prop-types/-/prop-types-15.7.3.tgz#2ab0d5da2e5815f94b0b9d4b95d1e5f243ab2ca7"
  integrity sha512-KfRL3PuHmqQLOG+2tGpRO26Ctg+Cq1E01D2DMriKEATHgWLfeNDmq9e29Q9WIky0dQ3NPkd1mzYH8Lm936Z9qw==

"@types/react@17.0.2":
  version "17.0.2"
  resolved "https://registry.yarnpkg.com/@types/react/-/react-17.0.2.tgz#3de24c4efef902dd9795a49c75f760cbe4f7a5a8"
  integrity sha512-Xt40xQsrkdvjn1EyWe1Bc0dJLcil/9x2vAuW7ya+PuQip4UYUaXyhzWmAbwRsdMgwOFHpfp7/FFZebDU6Y8VHA==
  dependencies:
    "@types/prop-types" "*"
    csstype "^3.0.2"

"@types/tinycolor2@^1.4.0":
  version "1.4.2"
  resolved "https://registry.yarnpkg.com/@types/tinycolor2/-/tinycolor2-1.4.2.tgz#721ca5c5d1a2988b4a886e35c2ffc5735b6afbdf"
  integrity sha512-PeHg/AtdW6aaIO2a+98Xj7rWY4KC1E6yOy7AFknJQ7VXUGNrMlyxDFxJo7HqLtjQms/ZhhQX52mLVW/EX3JGOw==

"@types/yargs-parser@*":
  version "20.2.0"
  resolved "https://registry.yarnpkg.com/@types/yargs-parser/-/yargs-parser-20.2.0.tgz#dd3e6699ba3237f0348cd085e4698780204842f9"
  integrity sha512-37RSHht+gzzgYeobbG+KWryeAW8J33Nhr69cjTqSYymXVZEN9NbRYWoYlRtDhHKPVT1FyNKwaTPC1NynKZpzRA==

"@types/yargs@16.0.0":
  version "16.0.0"
  resolved "https://registry.yarnpkg.com/@types/yargs/-/yargs-16.0.0.tgz#0e033b23452da5d61b6c44747612cb80ac528751"
  integrity sha512-2nN6AGeMwe8+O6nO9ytQfbMQOJy65oi1yK2y/9oReR08DaXSGtMsrLyCM1ooKqfICpCx4oITaR4LkOmdzz41Ww==
  dependencies:
    "@types/yargs-parser" "*"

"@types/yoga-layout@1.9.2":
  version "1.9.2"
  resolved "https://registry.yarnpkg.com/@types/yoga-layout/-/yoga-layout-1.9.2.tgz#efaf9e991a7390dc081a0b679185979a83a9639a"
  integrity sha512-S9q47ByT2pPvD65IvrWp7qppVMpk9WGMbVq9wbWZOHg6tnXSD4vyhao6nOSBwwfDdV2p3Kx9evA9vI+XWTfDvw==

abort-controller@3.0.0:
  version "3.0.0"
  resolved "https://registry.yarnpkg.com/abort-controller/-/abort-controller-3.0.0.tgz#eaf54d53b62bae4138e809ca225c8439a6efb392"
  integrity sha512-h8lQ8tacZYnR3vNQTgibj+tODHI5/+l06Au2Pcriv/Gmet0eaj4TwWH41sO9wnHDiQsEj19q0drzdWdeAHtweg==
  dependencies:
    event-target-shim "^5.0.0"

ansi-escapes@^4.2.1, ansi-escapes@^4.3.1:
  version "4.3.1"
  resolved "https://registry.yarnpkg.com/ansi-escapes/-/ansi-escapes-4.3.1.tgz#a5c47cc43181f1f38ffd7076837700d395522a61"
  integrity sha512-JWF7ocqNrp8u9oqpgV+wH5ftbt+cfvv+PTjOvKLT3AdYly/LmORARfEVT1iyjwN+4MqE5UmVKoAdIBqeoCHgLA==
  dependencies:
    type-fest "^0.11.0"

ansi-regex@^4.1.0:
  version "4.1.0"
  resolved "https://registry.yarnpkg.com/ansi-regex/-/ansi-regex-4.1.0.tgz#8b9f8f08cf1acb843756a839ca8c7e3168c51997"
  integrity sha512-1apePfXM1UOSqw0o9IiFAovVz9M5S1Dg+4TrDwfMewQ6p/rmMueb7tWZjQ1rx4Loy1ArBggoqGpfqqdI4rondg==

ansi-regex@^5.0.0:
  version "5.0.0"
  resolved "https://registry.yarnpkg.com/ansi-regex/-/ansi-regex-5.0.0.tgz#388539f55179bf39339c81af30a654d69f87cb75"
  integrity sha512-bY6fj56OUQ0hU1KjFNDQuJFezqKdrAyFdIevADiqrWHwSlbmBNMHp5ak2f40Pm8JTFyM2mqxkG6ngkHO11f/lg==

ansi-styles@^3.2.1:
  version "3.2.1"
  resolved "https://registry.yarnpkg.com/ansi-styles/-/ansi-styles-3.2.1.tgz#41fbb20243e50b12be0f04b8dedbf07520ce841d"
  integrity sha512-VT0ZI6kZRdTh8YyJw3SMbYm/u+NqfsAxEpWO0Pf9sq8/e94WxxOpPKx9FR1FlyCtOVDNOQ+8ntlqFxiRc+r5qA==
  dependencies:
    color-convert "^1.9.0"

ansi-styles@^4.0.0, ansi-styles@^4.1.0:
  version "4.3.0"
  resolved "https://registry.yarnpkg.com/ansi-styles/-/ansi-styles-4.3.0.tgz#edd803628ae71c04c85ae7a0906edad34b648937"
  integrity sha512-zbB9rCJAT1rbjiVDb2hqKFHNYLxgtk8NURxZ3IZwD3F6NtxbXZQCnnSi1Lkx+IDohdPlFp222wVALIheZJQSEg==
  dependencies:
    color-convert "^2.0.1"

ansicolors@~0.3.2:
  version "0.3.2"
  resolved "https://registry.yarnpkg.com/ansicolors/-/ansicolors-0.3.2.tgz#665597de86a9ffe3aa9bfbe6cae5c6ea426b4979"
  integrity sha1-ZlWX3oap/+Oqm/vmyuXG6kJrSXk=

arr-rotate@^1.0.0:
  version "1.0.0"
  resolved "https://registry.yarnpkg.com/arr-rotate/-/arr-rotate-1.0.0.tgz#c11877d06a0a42beb39ab8956a06779d9b71d248"
  integrity sha512-yOzOZcR9Tn7enTF66bqKorGGH0F36vcPaSWg8fO0c0UYb3LX3VMXj5ZxEqQLNOecAhlRJ7wYZja5i4jTlnbIfQ==

astral-regex@^1.0.0:
  version "1.0.0"
  resolved "https://registry.yarnpkg.com/astral-regex/-/astral-regex-1.0.0.tgz#6c8c3fb827dd43ee3918f27b82782ab7658a6fd9"
  integrity sha512-+Ryf6g3BKoRc7jfp7ad8tM4TtMiaWvbF/1/sQcZPkkS7ag3D5nMBCe2UfOTONtAkaG0tO0ij3C5Lwmf1EiyjHg==

astral-regex@^2.0.0:
  version "2.0.0"
  resolved "https://registry.yarnpkg.com/astral-regex/-/astral-regex-2.0.0.tgz#483143c567aeed4785759c0865786dc77d7d2e31"
  integrity sha512-Z7tMw1ytTXt5jqMcOP+OQteU1VuNK9Y02uuJtKQ1Sv69jXQKKg5cibLwGJow8yzZP+eAc18EmLGPal0bp36rvQ==

auto-bind@4.0.0:
  version "4.0.0"
  resolved "https://registry.yarnpkg.com/auto-bind/-/auto-bind-4.0.0.tgz#e3589fc6c2da8f7ca43ba9f84fa52a744fc997fb"
  integrity sha512-Hdw8qdNiqdJ8LqT0iK0sVzkFbzg6fhnQqqfWhBDxcHZvU75+B+ayzTy8x+k5Ix0Y92XOhOUlx74ps+bA6BeYMQ==

cardinal@^2.1.1:
  version "2.1.1"
  resolved "https://registry.yarnpkg.com/cardinal/-/cardinal-2.1.1.tgz#7cc1055d822d212954d07b085dea251cc7bc5505"
  integrity sha1-fMEFXYItISlU0HsIXeolHMe8VQU=
  dependencies:
    ansicolors "~0.3.2"
    redeyed "~2.1.0"

cfonts@^2.8.6:
  version "2.9.1"
  resolved "https://registry.yarnpkg.com/cfonts/-/cfonts-2.9.1.tgz#90befec39cf0c779cbf82859c342aad44df1bc06"
  integrity sha512-POZzm27BA8J/fgTeTpfKMmZKdij6L+8k2JsYJsrM5V7+HSFy0I03IEysng/IxGnzhteM7+PyH0rmZx+NeNMR2Q==
  dependencies:
    chalk "^4.1.0"
    window-size "^1.1.1"

chalk@^2.4.1:
  version "2.4.2"
  resolved "https://registry.yarnpkg.com/chalk/-/chalk-2.4.2.tgz#cd42541677a54333cf541a49108c1432b44c9424"
  integrity sha512-Mti+f9lpJNcwF4tWV8/OrTTtF1gZi+f8FqlyAdouralcFWFQWF2+NgCHShjkCb+IFBLq9buZwE1xckQU4peSuQ==
  dependencies:
    ansi-styles "^3.2.1"
    escape-string-regexp "^1.0.5"
    supports-color "^5.3.0"

chalk@^4.0.0, chalk@^4.1.0:
  version "4.1.0"
  resolved "https://registry.yarnpkg.com/chalk/-/chalk-4.1.0.tgz#4e14870a618d9e2edd97dd8345fd9d9dc315646a"
  integrity sha512-qwx12AxXe2Q5xQ43Ac//I6v5aXTipYrSESdOgzrN+9XjgEpyjpKuvSGaN4qE93f7TQTlerQQ8S+EQ0EyDoVL1A==
  dependencies:
    ansi-styles "^4.1.0"
    supports-color "^7.1.0"

ci-info@^2.0.0:
  version "2.0.0"
  resolved "https://registry.yarnpkg.com/ci-info/-/ci-info-2.0.0.tgz#67a9e964be31a51e15e5010d58e6f12834002f46"
  integrity sha512-5tK7EtrZ0N+OLFMthtqOj4fI2Jeb88C4CAZPu25LDVUgXJ0A3Js4PMGqrn0JU1W0Mh1/Z8wZzYPxqUrXeBboCQ==

cli-boxes@^2.2.0:
  version "2.2.1"
  resolved "https://registry.yarnpkg.com/cli-boxes/-/cli-boxes-2.2.1.tgz#ddd5035d25094fce220e9cab40a45840a440318f"
  integrity sha512-y4coMcylgSCdVinjiDBuR8PCC2bLjyGTwEmPb9NHR/QaNU6EUOXcTY/s6VjGMD6ENSEaeQYHCY0GNGS5jfMwPw==

cli-cursor@^3.1.0:
  version "3.1.0"
  resolved "https://registry.yarnpkg.com/cli-cursor/-/cli-cursor-3.1.0.tgz#264305a7ae490d1d03bf0c9ba7c925d1753af307"
  integrity sha512-I/zHAwsKf9FqGoXM4WWRACob9+SNukZTd94DWF57E4toouRulbCxcUh6RKUEOQlYTHJnzkPMySvPNaaSLNfLZw==
  dependencies:
    restore-cursor "^3.1.0"

cli-spinners@^2.3.0:
  version "2.5.0"
  resolved "https://registry.yarnpkg.com/cli-spinners/-/cli-spinners-2.5.0.tgz#12763e47251bf951cb75c201dfa58ff1bcb2d047"
  integrity sha512-PC+AmIuK04E6aeSs/pUccSujsTzBhu4HzC2dL+CfJB/Jcc2qTRbEwZQDfIUpt2Xl8BodYBEq8w4fc0kU2I9DjQ==

cli-table@^0.3.1:
  version "0.3.4"
  resolved "https://registry.yarnpkg.com/cli-table/-/cli-table-0.3.4.tgz#5b37fd723751f1a6e9e70d55953a75e16eab958e"
  integrity sha512-1vinpnX/ZERcmE443i3SZTmU5DF0rPO9DrL4I2iVAllhxzCM9SzPlHnz19fsZB78htkKZvYBvj6SZ6vXnaxmTA==
  dependencies:
    chalk "^2.4.1"
    string-width "^4.2.0"

cli-truncate@^2.1.0:
  version "2.1.0"
  resolved "https://registry.yarnpkg.com/cli-truncate/-/cli-truncate-2.1.0.tgz#c39e28bf05edcde5be3b98992a22deed5a2b93c7"
  integrity sha512-n8fOixwDD6b/ObinzTrp1ZKFzbgvKZvuz/TvejnLn1aQfC6r52XEx85FmuC+3HI+JM7coBRXUvNqEU2PHVrHpg==
  dependencies:
    slice-ansi "^3.0.0"
    string-width "^4.2.0"

cliui@^7.0.2:
  version "7.0.4"
  resolved "https://registry.yarnpkg.com/cliui/-/cliui-7.0.4.tgz#a0265ee655476fc807aea9df3df8df7783808b4f"
  integrity sha512-OcRE68cOsVMXp1Yvonl/fzkQOyjLSu/8bhPDfQt0e0/Eb283TKP20Fs2MqoPsr9SwA595rRCA+QMzYc9nBP+JQ==
  dependencies:
    string-width "^4.2.0"
    strip-ansi "^6.0.0"
    wrap-ansi "^7.0.0"

code-excerpt@^3.0.0:
  version "3.0.0"
  resolved "https://registry.yarnpkg.com/code-excerpt/-/code-excerpt-3.0.0.tgz#fcfb6748c03dba8431c19f5474747fad3f250f10"
  integrity sha512-VHNTVhd7KsLGOqfX3SyeO8RyYPMp1GJOg194VITk04WMYCv4plV68YWe6TJZxd9MhobjtpMRnVky01gqZsalaw==
  dependencies:
    convert-to-spaces "^1.0.1"

color-convert@^1.9.0:
  version "1.9.3"
  resolved "https://registry.yarnpkg.com/color-convert/-/color-convert-1.9.3.tgz#bb71850690e1f136567de629d2d5471deda4c1e8"
  integrity sha512-QfAUtd+vFdAtFQcC8CCyYt1fYWxSqAiK2cSD6zDB8N3cpsEBAvRxp9zOGg6G/SHHJYAT88/az/IuDGALsNVbGg==
  dependencies:
    color-name "1.1.3"

color-convert@^2.0.1:
  version "2.0.1"
  resolved "https://registry.yarnpkg.com/color-convert/-/color-convert-2.0.1.tgz#72d3a68d598c9bdb3af2ad1e84f21d896abd4de3"
  integrity sha512-RRECPsj7iu/xb5oKYcsFHSppFNnsj/52OVTRKb4zP5onXwVF3zVmmToNcOfGC+CRDpfK/U584fMg38ZHCaElKQ==
  dependencies:
    color-name "~1.1.4"

color-name@1.1.3:
  version "1.1.3"
  resolved "https://registry.yarnpkg.com/color-name/-/color-name-1.1.3.tgz#a7d0558bd89c42f795dd42328f740831ca53bc25"
  integrity sha1-p9BVi9icQveV3UIyj3QIMcpTvCU=

color-name@~1.1.4:
  version "1.1.4"
  resolved "https://registry.yarnpkg.com/color-name/-/color-name-1.1.4.tgz#c2a09a87acbde69543de6f63fa3995c826c536a2"
  integrity sha512-dOy+3AuW3a2wNbZHIuMZpTcgjGuLU/uBL/ubcZF9OXbDo8ff4O8yVp5Bf0efS8uEoYo5q4Fx7dY9OgQGXgAsQA==

convert-to-spaces@^1.0.1:
  version "1.0.2"
  resolved "https://registry.yarnpkg.com/convert-to-spaces/-/convert-to-spaces-1.0.2.tgz#7e3e48bbe6d997b1417ddca2868204b4d3d85715"
  integrity sha1-fj5Iu+bZl7FBfdyihoIEtNPYVxU=

cross-fetch@3.0.6:
  version "3.0.6"
  resolved "https://registry.yarnpkg.com/cross-fetch/-/cross-fetch-3.0.6.tgz#3a4040bc8941e653e0e9cf17f29ebcd177d3365c"
  integrity sha512-KBPUbqgFjzWlVcURG+Svp9TlhA5uliYtiNx/0r8nv0pdypeQCRJ9IaSIc3q/x3q8t3F75cHuwxVql1HFGHCNJQ==
  dependencies:
    node-fetch "2.6.1"

csstype@^3.0.2:
  version "3.0.6"
  resolved "https://registry.yarnpkg.com/csstype/-/csstype-3.0.6.tgz#865d0b5833d7d8d40f4e5b8a6d76aea3de4725ef"
  integrity sha512-+ZAmfyWMT7TiIlzdqJgjMb7S4f1beorDbWbsocyK4RaiqA5RTX3K14bnBWmmA9QEM0gRdsjyyrEmcyga8Zsxmw==

define-property@^1.0.0:
  version "1.0.0"
  resolved "https://registry.yarnpkg.com/define-property/-/define-property-1.0.0.tgz#769ebaaf3f4a63aad3af9e8d304c9bbe79bfb0e6"
  integrity sha1-dp66rz9KY6rTr56NMEybvnm/sOY=
  dependencies:
    is-descriptor "^1.0.0"

emoji-regex@^8.0.0:
  version "8.0.0"
  resolved "https://registry.yarnpkg.com/emoji-regex/-/emoji-regex-8.0.0.tgz#e818fd69ce5ccfcb404594f842963bf53164cc37"
  integrity sha512-MSjYzcWNOA0ewAHpz0MxpYFvwg6yjy1NG3xteoqz644VCo/RPgnr1/GGt+ic3iJTzQ8Eu3TdM14SawnVUmGE6A==

escalade@^3.1.1:
  version "3.1.1"
  resolved "https://registry.yarnpkg.com/escalade/-/escalade-3.1.1.tgz#d8cfdc7000965c5a0174b4a82eaa5c0552742e40"
  integrity sha512-k0er2gUkLf8O0zKJiAhmkTnJlTvINGv7ygDNPbeIsX/TJjGJZHuh9B2UxbsaEkmlEo9MfhrSzmhIlhRlI2GXnw==

escape-string-regexp@^1.0.5:
  version "1.0.5"
  resolved "https://registry.yarnpkg.com/escape-string-regexp/-/escape-string-regexp-1.0.5.tgz#1b61c0562190a8dff6ae3bb2cf0200ca130b86d4"
  integrity sha1-G2HAViGQqN/2rjuyzwIAyhMLhtQ=

escape-string-regexp@^2.0.0:
  version "2.0.0"
  resolved "https://registry.yarnpkg.com/escape-string-regexp/-/escape-string-regexp-2.0.0.tgz#a30304e99daa32e23b2fd20f51babd07cffca344"
  integrity sha512-UpzcLCXolUWcNu5HtVMHYdXJjArjsF9C0aNnquZYY4uW/Vu0miy5YoWvbV345HauVvcAUnpRuhMMcqTcGOY2+w==

esprima@~4.0.0:
  version "4.0.1"
  resolved "https://registry.yarnpkg.com/esprima/-/esprima-4.0.1.tgz#13b04cdb3e6c5d19df91ab6987a8695619b0aa71"
  integrity sha512-eGuFFw7Upda+g4p+QHvnW0RyTX/SVeJBDM/gCtMARO0cLuT2HcEKnTPvhjV6aGeqrCB/sbNop0Kszm0jsaWU4A==

event-target-shim@^5.0.0:
  version "5.0.1"
  resolved "https://registry.yarnpkg.com/event-target-shim/-/event-target-shim-5.0.1.tgz#5d4d3ebdf9583d63a5333ce2deb7480ab2b05789"
  integrity sha512-i/2XbnSz/uxRCU6+NdVJgKWDTM427+MqYbkQzD321DuCQJUqOuJKIA0IM2+W2xtYHdKOmZ4dR6fExsd4SXL+WQ==

figures@^3.2.0:
  version "3.2.0"
  resolved "https://registry.yarnpkg.com/figures/-/figures-3.2.0.tgz#625c18bd293c604dc4a8ddb2febf0c88341746af"
  integrity sha512-yaduQFRKLXYOGgEn6AZau90j3ggSOyiqXU0F9JZfeXYhNa+Jk4X+s45A2zg5jns87GAFa34BBm2kXw4XpNcbdg==
  dependencies:
    escape-string-regexp "^1.0.5"

get-caller-file@^2.0.5:
  version "2.0.5"
  resolved "https://registry.yarnpkg.com/get-caller-file/-/get-caller-file-2.0.5.tgz#4f94412a82db32f36e3b0b9741f8a97feb031f7e"
  integrity sha512-DyFP3BM/3YHTQOCUL/w0OZHR0lpKeGrxotcHWcqNEdnltqFwXVfhEBQ94eIo34AfQpo0rGki4cyIiftY06h2Fg==

gradient-string@^1.2.0:
  version "1.2.0"
  resolved "https://registry.yarnpkg.com/gradient-string/-/gradient-string-1.2.0.tgz#93f39f2c7c8dcb095608c2ccf0aac24aa315fbac"
  integrity sha512-Lxog7IDMMWNjwo4O0KbdBvSewk4vW6kQe5XaLuuPCyCE65AGQ1P8YqKJa5dq8TYf/Ge31F+KjWzPR5mAJvjlAg==
  dependencies:
    chalk "^2.4.1"
    tinygradient "^0.4.1"

has-flag@^3.0.0:
  version "3.0.0"
  resolved "https://registry.yarnpkg.com/has-flag/-/has-flag-3.0.0.tgz#b5d454dc2199ae225699f3467e5a07f3b955bafd"
  integrity sha1-tdRU3CGZriJWmfNGfloH87lVuv0=

has-flag@^4.0.0:
  version "4.0.0"
  resolved "https://registry.yarnpkg.com/has-flag/-/has-flag-4.0.0.tgz#944771fd9c81c81265c4d6941860da06bb59479b"
  integrity sha512-EykJT/Q1KjTWctppgIAgfSO0tKVuZUjhgMr17kqTumMl6Afv3EISleU7qZUzoXDFTAHTDC4NOoG/ZxU3EvlMPQ==

indent-string@^4.0.0:
  version "4.0.0"
  resolved "https://registry.yarnpkg.com/indent-string/-/indent-string-4.0.0.tgz#624f8f4497d619b2d9768531d58f4122854d7251"
  integrity sha512-EdDDZu4A2OyIK7Lr/2zG+w5jmbuk1DVBnEwREQvBzspBJkCEbRa8GxU1lghYcaGJCnRWibjDXlq779X1/y5xwg==

ink-big-text@1.2.0:
  version "1.2.0"
  resolved "https://registry.yarnpkg.com/ink-big-text/-/ink-big-text-1.2.0.tgz#81c4e6008547635c88dcdcf869d7b983800e2a33"
  integrity sha512-xDfn8oOhiji9c4wojTKSaBnEfgpTTd3KL7jsMYVht4SbpfLdSKvVZiMi3U5v45eSjLm1ycMmeMWAP1G99lWL5Q==
  dependencies:
    cfonts "^2.8.6"
    prop-types "^15.7.2"

ink-gradient@2.0.0:
  version "2.0.0"
  resolved "https://registry.yarnpkg.com/ink-gradient/-/ink-gradient-2.0.0.tgz#2e2b040ab41f96f61b397d87cd56fd6ce9ef59cc"
  integrity sha512-d2BK/EzzBRoDL54NWkS3JGE4J8xtzwRVWxDAIkQ/eQ60XIzrFMtT5JlUqgV05Qlt32Jvk50qW51YqxGJggTuqA==
  dependencies:
    gradient-string "^1.2.0"
    prop-types "^15.7.2"
    strip-ansi "^6.0.0"

ink-link@2.0.0:
  version "2.0.0"
  resolved "https://registry.yarnpkg.com/ink-link/-/ink-link-2.0.0.tgz#3e52135010398a4406f0e879baf8c118ddbb537f"
  integrity sha512-1Ic1uU1df+2ThYUE6n04RXNs7eqQOSmxBlSbOKHIM3biLAkvyaAxzXAI4tOjWZBrS6mP1wZBEGxAH5LozQbeJg==
  dependencies:
    prop-types "^15.7.2"
    terminal-link "^2.1.1"

ink-markdown@1.0.1:
  version "1.0.1"
  resolved "https://registry.yarnpkg.com/ink-markdown/-/ink-markdown-1.0.1.tgz#281c5b7405cb34eb0b00b7774e646c102586261d"
  integrity sha512-8jPEIICV9P8ToeUb+O8zmhvr9vR0UpFoewPmO+KX0h8QFGrSs/SPhI2Uw1oeT/SDdobshTjd5lMmuy+LLXSSvg==
  dependencies:
    marked "^0.8.0"
    marked-terminal "^4.0.0"

ink-select-input@4.2.0:
  version "4.2.0"
  resolved "https://registry.yarnpkg.com/ink-select-input/-/ink-select-input-4.2.0.tgz#a03dc1cae81f09c29cdd4612ae0be610c65c269f"
  integrity sha512-pNpVNNlvbERKKj7yFZcNCecnz6RA7Lc6UZVfwYe1a3e56LPQmTYL0mbtfENQ9PBeMagny1tCtg0pQwr9y7NtVw==
  dependencies:
    arr-rotate "^1.0.0"
    figures "^3.2.0"
    lodash.isequal "^4.5.0"

ink-spinner@4.0.1:
  version "4.0.1"
  resolved "https://registry.yarnpkg.com/ink-spinner/-/ink-spinner-4.0.1.tgz#f67a59ff6d4698a5d67b7bb66266ea6829a8a4e1"
  integrity sha512-2eYtzzUPb22Z0Cn2bGvE4BteYjcqDhgrHnCzGJM81EHXXlyNU7aYfucPgZs2CZPy0LWz/5hwoecFhd0mj1hrbw==
  dependencies:
    cli-spinners "^2.3.0"

ink@3.0.8:
  version "3.0.8"
  resolved "https://registry.yarnpkg.com/ink/-/ink-3.0.8.tgz#c527957c8fa4efcc139b67a4cbba7bb8a62b18b0"
  integrity sha512-ubMFylXYaG4IkXQVhPautbhV/p6Lo0GlvAMI/jh8cGJQ39yeznJbaTTJP2CqZXezA4GOHzalpwCWqux/NEY38w==
  dependencies:
    ansi-escapes "^4.2.1"
    auto-bind "4.0.0"
    chalk "^4.1.0"
    cli-boxes "^2.2.0"
    cli-cursor "^3.1.0"
    cli-truncate "^2.1.0"
    code-excerpt "^3.0.0"
    indent-string "^4.0.0"
    is-ci "^2.0.0"
    lodash "^4.17.20"
    patch-console "^1.0.0"
    react-devtools-core "^4.6.0"
    react-reconciler "^0.24.0"
    scheduler "^0.18.0"
    signal-exit "^3.0.2"
    slice-ansi "^3.0.0"
    stack-utils "^2.0.2"
    string-length "^3.1.0"
    type-fest "^0.12.0"
    widest-line "^3.1.0"
    wrap-ansi "^6.2.0"
    ws "^7.2.5"
    yoga-layout-prebuilt "^1.9.6"

is-accessor-descriptor@^1.0.0:
  version "1.0.0"
  resolved "https://registry.yarnpkg.com/is-accessor-descriptor/-/is-accessor-descriptor-1.0.0.tgz#169c2f6d3df1f992618072365c9b0ea1f6878656"
  integrity sha512-m5hnHTkcVsPfqx3AKlyttIPb7J+XykHvJP2B9bZDjlhLIoEq4XoK64Vg7boZlVWYK6LUY94dYPEE7Lh0ZkZKcQ==
  dependencies:
    kind-of "^6.0.0"

is-buffer@^1.1.5:
  version "1.1.6"
  resolved "https://registry.yarnpkg.com/is-buffer/-/is-buffer-1.1.6.tgz#efaa2ea9daa0d7ab2ea13a97b2b8ad51fefbe8be"
  integrity sha512-NcdALwpXkTm5Zvvbk7owOUSvVvBKDgKP5/ewfXEznmQFfs4ZRmanOeKBTjRVjka3QFoN6XJ+9F3USqfHqTaU5w==

is-ci@^2.0.0:
  version "2.0.0"
  resolved "https://registry.yarnpkg.com/is-ci/-/is-ci-2.0.0.tgz#6bc6334181810e04b5c22b3d589fdca55026404c"
  integrity sha512-YfJT7rkpQB0updsdHLGWrvhBJfcfzNNawYDNIyQXJz0IViGf75O8EBPKSdvw2rF+LGCsX4FZ8tcr3b19LcZq4w==
  dependencies:
    ci-info "^2.0.0"

is-data-descriptor@^1.0.0:
  version "1.0.0"
  resolved "https://registry.yarnpkg.com/is-data-descriptor/-/is-data-descriptor-1.0.0.tgz#d84876321d0e7add03990406abbbbd36ba9268c7"
  integrity sha512-jbRXy1FmtAoCjQkVmIVYwuuqDFUbaOeDjmed1tOGPrsMhtJA4rD9tkgA0F1qJ3gRFRXcHYVkdeaP50Q5rE/jLQ==
  dependencies:
    kind-of "^6.0.0"

is-descriptor@^1.0.0:
  version "1.0.2"
  resolved "https://registry.yarnpkg.com/is-descriptor/-/is-descriptor-1.0.2.tgz#3b159746a66604b04f8c81524ba365c5f14d86ec"
  integrity sha512-2eis5WqQGV7peooDyLmNEPUrps9+SXX5c9pL3xEB+4e9HnGuDa7mB7kHxHw4CbqS9k1T2hOH3miL8n8WtiYVtg==
  dependencies:
    is-accessor-descriptor "^1.0.0"
    is-data-descriptor "^1.0.0"
    kind-of "^6.0.2"

is-fullwidth-code-point@^3.0.0:
  version "3.0.0"
  resolved "https://registry.yarnpkg.com/is-fullwidth-code-point/-/is-fullwidth-code-point-3.0.0.tgz#f116f8064fe90b3f7844a38997c0b75051269f1d"
  integrity sha512-zymm5+u+sCsSWyD9qNaejV3DFvhCKclKdizYaJUuHA83RLjb7nSuGnddCHGv0hk+KY7BMAlsWeK4Ueg6EV6XQg==

is-number@^3.0.0:
  version "3.0.0"
  resolved "https://registry.yarnpkg.com/is-number/-/is-number-3.0.0.tgz#24fd6201a4782cf50561c810276afc7d12d71195"
  integrity sha1-JP1iAaR4LPUFYcgQJ2r8fRLXEZU=
  dependencies:
    kind-of "^3.0.2"

"js-tokens@^3.0.0 || ^4.0.0":
  version "4.0.0"
  resolved "https://registry.yarnpkg.com/js-tokens/-/js-tokens-4.0.0.tgz#19203fb59991df98e3a287050d4647cdeaf32499"
  integrity sha512-RdJUflcE3cUzKiMqQgsCu06FPu9UdIJO0beYbPhHN4k6apgJtifcoCtT9bcxOpYBtpD2kCM6Sbzg4CausW/PKQ==

kind-of@^3.0.2:
  version "3.2.2"
  resolved "https://registry.yarnpkg.com/kind-of/-/kind-of-3.2.2.tgz#31ea21a734bab9bbb0f32466d893aea51e4a3c64"
  integrity sha1-MeohpzS6ubuw8yRm2JOupR5KPGQ=
  dependencies:
    is-buffer "^1.1.5"

kind-of@^6.0.0, kind-of@^6.0.2:
  version "6.0.3"
  resolved "https://registry.yarnpkg.com/kind-of/-/kind-of-6.0.3.tgz#07c05034a6c349fa06e24fa35aa76db4580ce4dd"
  integrity sha512-dcS1ul+9tmeD95T+x28/ehLgd9mENa3LsvDTtzm3vyBEO7RPptvAD+t44WVXaUjTBRcrpFeFlC8WCruUR456hw==

lodash.isequal@^4.5.0:
  version "4.5.0"
  resolved "https://registry.yarnpkg.com/lodash.isequal/-/lodash.isequal-4.5.0.tgz#415c4478f2bcc30120c22ce10ed3226f7d3e18e0"
  integrity sha1-QVxEePK8wwEgwizhDtMib30+GOA=

lodash.toarray@^4.4.0:
  version "4.4.0"
  resolved "https://registry.yarnpkg.com/lodash.toarray/-/lodash.toarray-4.4.0.tgz#24c4bfcd6b2fba38bfd0594db1179d8e9b656561"
  integrity sha1-JMS/zWsvuji/0FlNsRedjptlZWE=

lodash@^4.17.20:
  version "4.17.20"
  resolved "https://registry.yarnpkg.com/lodash/-/lodash-4.17.20.tgz#b44a9b6297bcb698f1c51a3545a2b3b368d59c52"
  integrity sha512-PlhdFcillOINfeV7Ni6oF1TAEayyZBoZ8bcshTHqOYJYlrqzRK5hagpagky5o4HfCzzd1TRkXPMFq6cKk9rGmA==

lookpath@1.2.0:
  version "1.2.0"
  resolved "https://registry.yarnpkg.com/lookpath/-/lookpath-1.2.0.tgz#5fccf91497acec085e66d98cb12446c21fe665ae"
  integrity sha512-cUl+R2bGJcSJiHLVKzGHRTYTBhudbHIgd7s63gfGHteaz0BBKEEz2yw2rgbxZAFze92KlbkiWzL1ylYOmqIPVA==

loose-envify@^1.1.0, loose-envify@^1.4.0:
  version "1.4.0"
  resolved "https://registry.yarnpkg.com/loose-envify/-/loose-envify-1.4.0.tgz#71ee51fa7be4caec1a63839f7e682d8132d30caf"
  integrity sha512-lyuxPGr/Wfhrlem2CL/UcnUc1zcqKAImBDzukY7Y5F/yQiNdko6+fRLevlw1HgMySw7f611UIY408EtxRSoK3Q==
  dependencies:
    js-tokens "^3.0.0 || ^4.0.0"

marked-terminal@^4.0.0:
  version "4.1.0"
  resolved "https://registry.yarnpkg.com/marked-terminal/-/marked-terminal-4.1.0.tgz#01087372d3636dc7cb286475a1d6147187f500e0"
  integrity sha512-5KllfAOW02WS6hLRQ7cNvGOxvKW1BKuXELH4EtbWfyWgxQhROoMxEvuQ/3fTgkNjledR0J48F4HbapvYp1zWkQ==
  dependencies:
    ansi-escapes "^4.3.1"
    cardinal "^2.1.1"
    chalk "^4.0.0"
    cli-table "^0.3.1"
    node-emoji "^1.10.0"
    supports-hyperlinks "^2.1.0"

marked@^0.8.0:
  version "0.8.2"
  resolved "https://registry.yarnpkg.com/marked/-/marked-0.8.2.tgz#4faad28d26ede351a7a1aaa5fec67915c869e355"
  integrity sha512-EGwzEeCcLniFX51DhTpmTom+dSA/MG/OBUDjnWtHbEnjAH180VzUeAw+oE4+Zv+CoYBWyRlYOTR0N8SO9R1PVw==

mimic-fn@^2.1.0:
  version "2.1.0"
  resolved "https://registry.yarnpkg.com/mimic-fn/-/mimic-fn-2.1.0.tgz#7ed2c2ccccaf84d3ffcb7a69b57711fc2083401b"
  integrity sha512-OqbOk5oEQeAZ8WXWydlu9HJjz9WVdEIvamMCcXmuqUYjTknH/sqsWvhQ3vgwKFRR1HpjvNBKQ37nbJgYzGqGcg==

node-emoji@^1.10.0:
  version "1.10.0"
  resolved "https://registry.yarnpkg.com/node-emoji/-/node-emoji-1.10.0.tgz#8886abd25d9c7bb61802a658523d1f8d2a89b2da"
  integrity sha512-Yt3384If5H6BYGVHiHwTL+99OzJKHhgp82S8/dktEK73T26BazdgZ4JZh92xSVtGNJvz9UbXdNAc5hcrXV42vw==
  dependencies:
    lodash.toarray "^4.4.0"

node-fetch@2.6.1:
  version "2.6.1"
  resolved "https://registry.yarnpkg.com/node-fetch/-/node-fetch-2.6.1.tgz#045bd323631f76ed2e2b55573394416b639a0052"
  integrity sha512-V4aYg89jEoVRxRb2fJdAg8FHvI7cEyYdVAh94HH0UIK8oJxUfkjlDQN9RbMx+bEjP7+ggMiFRprSti032Oipxw==

object-assign@^4.1.1:
  version "4.1.1"
  resolved "https://registry.yarnpkg.com/object-assign/-/object-assign-4.1.1.tgz#2109adc7965887cfc05cbbd442cac8bfbb360863"
  integrity sha1-IQmtx5ZYh8/AXLvUQsrIv7s2CGM=

onetime@^5.1.0:
  version "5.1.2"
  resolved "https://registry.yarnpkg.com/onetime/-/onetime-5.1.2.tgz#d0e96ebb56b07476df1dd9c4806e5237985ca45e"
  integrity sha512-kbpaSSGJTWdAY5KPVeMOKXSrPtr8C8C7wodJbcsd51jRnmD+GZu8Y0VoU6Dm5Z4vWr0Ig/1NKuWRKf7j5aaYSg==
  dependencies:
    mimic-fn "^2.1.0"

patch-console@^1.0.0:
  version "1.0.0"
  resolved "https://registry.yarnpkg.com/patch-console/-/patch-console-1.0.0.tgz#19b9f028713feb8a3c023702a8cc8cb9f7466f9d"
  integrity sha512-nxl9nrnLQmh64iTzMfyylSlRozL7kAXIaxw1fVcLYdyhNkJCRUzirRZTikXGJsg+hc4fqpneTK6iU2H1Q8THSA==

prop-types@^15.6.2, prop-types@^15.7.2:
  version "15.7.2"
  resolved "https://registry.yarnpkg.com/prop-types/-/prop-types-15.7.2.tgz#52c41e75b8c87e72b9d9360e0206b99dcbffa6c5"
  integrity sha512-8QQikdH7//R2vurIJSutZ1smHYTcLpRWEOlHnzcWHmBYrOGUysKwSsrC89BCiFj3CbrfJ/nXFdJepOVrY1GCHQ==
  dependencies:
    loose-envify "^1.4.0"
    object-assign "^4.1.1"
    react-is "^16.8.1"

react-devtools-core@^4.6.0:
  version "4.10.1"
  resolved "https://registry.yarnpkg.com/react-devtools-core/-/react-devtools-core-4.10.1.tgz#6d57db291aeac9cc45ef9fb4636dd2ab97490daf"
  integrity sha512-sXbBjGAWcf9HAblTP/zMtFhGHqxAfIR+GPxONZsSGN9FHnF4635dx1s2LdQWG9rJ+Ehr3nWg+BUAB6P78my5PA==
  dependencies:
    shell-quote "^1.6.1"
    ws "^7"

react-is@^16.8.1:
  version "16.13.1"
  resolved "https://registry.yarnpkg.com/react-is/-/react-is-16.13.1.tgz#789729a4dc36de2999dc156dd6c1d9c18cea56a4"
  integrity sha512-24e6ynE2H+OKt4kqsOvNd8kBpV65zoxbA4BVsEOB3ARVWQki/DHzaUoC5KuON/BiccDaCCTZBuOcfZs70kR8bQ==

react-reconciler@^0.24.0:
  version "0.24.0"
  resolved "https://registry.yarnpkg.com/react-reconciler/-/react-reconciler-0.24.0.tgz#5a396b2c2f5efe8554134a5935f49f546723f2dd"
  integrity sha512-gAGnwWkf+NOTig9oOowqid9O0HjTDC+XVGBCAmJYYJ2A2cN/O4gDdIuuUQjv8A4v6GDwVfJkagpBBLW5OW9HSw==
  dependencies:
    loose-envify "^1.1.0"
    object-assign "^4.1.1"
    prop-types "^15.6.2"
    scheduler "^0.18.0"

react@16.14.0:
  version "16.14.0"
  resolved "https://registry.yarnpkg.com/react/-/react-16.14.0.tgz#94d776ddd0aaa37da3eda8fc5b6b18a4c9a3114d"
  integrity sha512-0X2CImDkJGApiAlcf0ODKIneSwBPhqJawOa5wCtKbu7ZECrmS26NvtSILynQ66cgkT/RJ4LidJOc3bUESwmU8g==
  dependencies:
    loose-envify "^1.1.0"
    object-assign "^4.1.1"
    prop-types "^15.6.2"

redeyed@~2.1.0:
  version "2.1.1"
  resolved "https://registry.yarnpkg.com/redeyed/-/redeyed-2.1.1.tgz#8984b5815d99cb220469c99eeeffe38913e6cc0b"
  integrity sha1-iYS1gV2ZyyIEacme7v/jiRPmzAs=
  dependencies:
    esprima "~4.0.0"

require-directory@^2.1.1:
  version "2.1.1"
  resolved "https://registry.yarnpkg.com/require-directory/-/require-directory-2.1.1.tgz#8c64ad5fd30dab1c976e2344ffe7f792a6a6df42"
  integrity sha1-jGStX9MNqxyXbiNE/+f3kqam30I=

restore-cursor@^3.1.0:
  version "3.1.0"
  resolved "https://registry.yarnpkg.com/restore-cursor/-/restore-cursor-3.1.0.tgz#39f67c54b3a7a58cea5236d95cf0034239631f7e"
  integrity sha512-l+sSefzHpj5qimhFSE5a8nufZYAM3sBSVMAPtYkmC+4EH2anSGaEMXSD0izRQbu9nfyQ9y5JrVmp7E8oZrUjvA==
  dependencies:
    onetime "^5.1.0"
    signal-exit "^3.0.2"

scheduler@^0.18.0:
  version "0.18.0"
  resolved "https://registry.yarnpkg.com/scheduler/-/scheduler-0.18.0.tgz#5901ad6659bc1d8f3fdaf36eb7a67b0d6746b1c4"
  integrity sha512-agTSHR1Nbfi6ulI0kYNK0203joW2Y5W4po4l+v03tOoiJKpTBbxpNhWDvqc/4IcOw+KLmSiQLTasZ4cab2/UWQ==
  dependencies:
    loose-envify "^1.1.0"
    object-assign "^4.1.1"

shell-quote@^1.6.1:
  version "1.7.2"
  resolved "https://registry.yarnpkg.com/shell-quote/-/shell-quote-1.7.2.tgz#67a7d02c76c9da24f99d20808fcaded0e0e04be2"
  integrity sha512-mRz/m/JVscCrkMyPqHc/bczi3OQHkLTqXHEFu0zDhK/qfv3UcOA4SVmRCLmos4bhjr9ekVQubj/R7waKapmiQg==

signal-exit@^3.0.2:
  version "3.0.3"
  resolved "https://registry.yarnpkg.com/signal-exit/-/signal-exit-3.0.3.tgz#a1410c2edd8f077b08b4e253c8eacfcaf057461c"
  integrity sha512-VUJ49FC8U1OxwZLxIbTTrDvLnf/6TDgxZcK8wxR8zs13xpx7xbG60ndBlhNrFi2EMuFRoeDoJO7wthSLq42EjA==

slice-ansi@^3.0.0:
  version "3.0.0"
  resolved "https://registry.yarnpkg.com/slice-ansi/-/slice-ansi-3.0.0.tgz#31ddc10930a1b7e0b67b08c96c2f49b77a789787"
  integrity sha512-pSyv7bSTC7ig9Dcgbw9AuRNUb5k5V6oDudjZoMBSr13qpLBG7tB+zgCkARjq7xIUgdz5P1Qe8u+rSGdouOOIyQ==
  dependencies:
    ansi-styles "^4.0.0"
    astral-regex "^2.0.0"
    is-fullwidth-code-point "^3.0.0"

stack-utils@^2.0.2:
  version "2.0.3"
  resolved "https://registry.yarnpkg.com/stack-utils/-/stack-utils-2.0.3.tgz#cd5f030126ff116b78ccb3c027fe302713b61277"
  integrity sha512-gL//fkxfWUsIlFL2Tl42Cl6+HFALEaB1FU76I/Fy+oZjRreP7OPMXFlGbxM7NQsI0ZpUfw76sHnv0WNYuTb7Iw==
  dependencies:
    escape-string-regexp "^2.0.0"

string-length@^3.1.0:
  version "3.1.0"
  resolved "https://registry.yarnpkg.com/string-length/-/string-length-3.1.0.tgz#107ef8c23456e187a8abd4a61162ff4ac6e25837"
  integrity sha512-Ttp5YvkGm5v9Ijagtaz1BnN+k9ObpvS0eIBblPMp2YWL8FBmi9qblQ9fexc2k/CXFgrTIteU3jAw3payCnwSTA==
  dependencies:
    astral-regex "^1.0.0"
    strip-ansi "^5.2.0"

string-width@^4.0.0, string-width@^4.1.0, string-width@^4.2.0:
  version "4.2.0"
  resolved "https://registry.yarnpkg.com/string-width/-/string-width-4.2.0.tgz#952182c46cc7b2c313d1596e623992bd163b72b5"
  integrity sha512-zUz5JD+tgqtuDjMhwIg5uFVV3dtqZ9yQJlZVfq4I01/K5Paj5UHj7VyrQOJvzawSVlKpObApbfD0Ed6yJc+1eg==
  dependencies:
    emoji-regex "^8.0.0"
    is-fullwidth-code-point "^3.0.0"
    strip-ansi "^6.0.0"

strip-ansi@^5.2.0:
  version "5.2.0"
  resolved "https://registry.yarnpkg.com/strip-ansi/-/strip-ansi-5.2.0.tgz#8c9a536feb6afc962bdfa5b104a5091c1ad9c0ae"
  integrity sha512-DuRs1gKbBqsMKIZlrffwlug8MHkcnpjs5VPmL1PAh+mA30U0DTotfDZ0d2UUsXpPmPmMMJ6W773MaA3J+lbiWA==
  dependencies:
    ansi-regex "^4.1.0"

strip-ansi@^6.0.0:
  version "6.0.0"
  resolved "https://registry.yarnpkg.com/strip-ansi/-/strip-ansi-6.0.0.tgz#0b1571dd7669ccd4f3e06e14ef1eed26225ae532"
  integrity sha512-AuvKTrTfQNYNIctbR1K/YGTR1756GycPsg7b9bdV9Duqur4gv6aKqHXah67Z8ImS7WEz5QVcOtlfW2rZEugt6w==
  dependencies:
    ansi-regex "^5.0.0"

supports-color@^5.3.0:
  version "5.5.0"
  resolved "https://registry.yarnpkg.com/supports-color/-/supports-color-5.5.0.tgz#e2e69a44ac8772f78a1ec0b35b689df6530efc8f"
  integrity sha512-QjVjwdXIt408MIiAqCX4oUKsgU2EqAGzs2Ppkm4aQYbjm+ZEWEcW4SfFNTr4uMNZma0ey4f5lgLrkB0aX0QMow==
  dependencies:
    has-flag "^3.0.0"

supports-color@^7.0.0, supports-color@^7.1.0:
  version "7.2.0"
  resolved "https://registry.yarnpkg.com/supports-color/-/supports-color-7.2.0.tgz#1b7dcdcb32b8138801b3e478ba6a51caa89648da"
  integrity sha512-qpCAvRl9stuOHveKsn7HncJRvv501qIacKzQlO/+Lwxc9+0q2wLyv4Dfvt80/DPn2pqOBsJdDiogXGR9+OvwRw==
  dependencies:
    has-flag "^4.0.0"

supports-hyperlinks@^2.0.0, supports-hyperlinks@^2.1.0:
  version "2.1.0"
  resolved "https://registry.yarnpkg.com/supports-hyperlinks/-/supports-hyperlinks-2.1.0.tgz#f663df252af5f37c5d49bbd7eeefa9e0b9e59e47"
  integrity sha512-zoE5/e+dnEijk6ASB6/qrK+oYdm2do1hjoLWrqUC/8WEIW1gbxFcKuBof7sW8ArN6e+AYvsE8HBGiVRWL/F5CA==
  dependencies:
    has-flag "^4.0.0"
    supports-color "^7.0.0"

terminal-link@^2.1.1:
  version "2.1.1"
  resolved "https://registry.yarnpkg.com/terminal-link/-/terminal-link-2.1.1.tgz#14a64a27ab3c0df933ea546fba55f2d078edc994"
  integrity sha512-un0FmiRUQNr5PJqy9kP7c40F5BOfpGlYTrxonDChEZB7pzZxRNp/bt+ymiy9/npwXya9KH99nJ/GXFIiUkYGFQ==
  dependencies:
    ansi-escapes "^4.2.1"
    supports-hyperlinks "^2.0.0"

tinycolor2@^1.0.0:
  version "1.4.2"
  resolved "https://registry.yarnpkg.com/tinycolor2/-/tinycolor2-1.4.2.tgz#3f6a4d1071ad07676d7fa472e1fac40a719d8803"
  integrity sha512-vJhccZPs965sV/L2sU4oRQVAos0pQXwsvTLkWYdqJ+a8Q5kPFzJTuOFwy7UniPli44NKQGAglksjvOcpo95aZA==

tinygradient@^0.4.1:
  version "0.4.3"
  resolved "https://registry.yarnpkg.com/tinygradient/-/tinygradient-0.4.3.tgz#0a8dfde56f8865deec4c435a51bd5b0c0dec59fa"
  integrity sha512-tBPYQSs6eWukzzAITBSmqcOwZCKACvRa/XjPPh1mj4mnx4G3Drm51HxyCTU/TKnY8kG4hmTe5QlOh9O82aNtJQ==
  dependencies:
    "@types/tinycolor2" "^1.4.0"
    tinycolor2 "^1.0.0"

type-fest@^0.11.0:
  version "0.11.0"
  resolved "https://registry.yarnpkg.com/type-fest/-/type-fest-0.11.0.tgz#97abf0872310fed88a5c466b25681576145e33f1"
  integrity sha512-OdjXJxnCN1AvyLSzeKIgXTXxV+99ZuXl3Hpo9XpJAv9MBcHrrJOQ5kV7ypXOuQie+AmWG25hLbiKdwYTifzcfQ==

type-fest@^0.12.0:
  version "0.12.0"
  resolved "https://registry.yarnpkg.com/type-fest/-/type-fest-0.12.0.tgz#f57a27ab81c68d136a51fd71467eff94157fa1ee"
  integrity sha512-53RyidyjvkGpnWPMF9bQgFtWp+Sl8O2Rp13VavmJgfAP9WWG6q6TkrKU8iyJdnwnfgHI6k2hTlgqH4aSdjoTbg==

typescript@4.2.3:
  version "4.2.3"
  resolved "https://registry.yarnpkg.com/typescript/-/typescript-4.2.3.tgz#39062d8019912d43726298f09493d598048c1ce3"
  integrity sha512-qOcYwxaByStAWrBf4x0fibwZvMRG+r4cQoTjbPtUlrWjBHbmCAww1i448U0GJ+3cNNEtebDteo/cHOR3xJ4wEw==

widest-line@^3.1.0:
  version "3.1.0"
  resolved "https://registry.yarnpkg.com/widest-line/-/widest-line-3.1.0.tgz#8292333bbf66cb45ff0de1603b136b7ae1496eca"
  integrity sha512-NsmoXalsWVDMGupxZ5R08ka9flZjjiLvHVAWYOKtiKM8ujtZWr9cRffak+uSE48+Ob8ObalXpwyeUiyDD6QFgg==
  dependencies:
    string-width "^4.0.0"

window-size@^1.1.1:
  version "1.1.1"
  resolved "https://registry.yarnpkg.com/window-size/-/window-size-1.1.1.tgz#9858586580ada78ab26ecd6978a6e03115c1af20"
  integrity sha512-5D/9vujkmVQ7pSmc0SCBmHXbkv6eaHwXEx65MywhmUMsI8sGqJ972APq1lotfcwMKPFLuCFfL8xGHLIp7jaBmA==
  dependencies:
    define-property "^1.0.0"
    is-number "^3.0.0"

wrap-ansi@^6.2.0:
  version "6.2.0"
  resolved "https://registry.yarnpkg.com/wrap-ansi/-/wrap-ansi-6.2.0.tgz#e9393ba07102e6c91a3b221478f0257cd2856e53"
  integrity sha512-r6lPcBGxZXlIcymEu7InxDMhdW0KDxpLgoFLcguasxCaJ/SOIZwINatK9KY/tf+ZrlywOKU0UDj3ATXUBfxJXA==
  dependencies:
    ansi-styles "^4.0.0"
    string-width "^4.1.0"
    strip-ansi "^6.0.0"

wrap-ansi@^7.0.0:
  version "7.0.0"
  resolved "https://registry.yarnpkg.com/wrap-ansi/-/wrap-ansi-7.0.0.tgz#67e145cff510a6a6984bdf1152911d69d2eb9e43"
  integrity sha512-YVGIj2kamLSTxw6NsZjoBxfSwsn0ycdesmc4p+Q21c5zPuZ1pl+NfxVdxPtdHvmNVOQ6XSYG4AUtyt/Fi7D16Q==
  dependencies:
    ansi-styles "^4.0.0"
    string-width "^4.1.0"
    strip-ansi "^6.0.0"

ws@^7, ws@^7.2.5:
  version "7.4.2"
  resolved "https://registry.yarnpkg.com/ws/-/ws-7.4.2.tgz#782100048e54eb36fe9843363ab1c68672b261dd"
  integrity sha512-T4tewALS3+qsrpGI/8dqNMLIVdq/g/85U98HPMa6F0m6xTbvhXU6RCQLqPH3+SlomNV/LdY6RXEbBpMH6EOJnA==

y18n@^5.0.5:
  version "5.0.5"
  resolved "https://registry.yarnpkg.com/y18n/-/y18n-5.0.5.tgz#8769ec08d03b1ea2df2500acef561743bbb9ab18"
  integrity sha512-hsRUr4FFrvhhRH12wOdfs38Gy7k2FFzB9qgN9v3aLykRq0dRcdcpz5C9FxdS2NuhOrI/628b/KSTJ3rwHysYSg==

yargs-parser@^20.2.2:
  version "20.2.4"
  resolved "https://registry.yarnpkg.com/yargs-parser/-/yargs-parser-20.2.4.tgz#b42890f14566796f85ae8e3a25290d205f154a54"
  integrity sha512-WOkpgNhPTlE73h4VFAFsOnomJVaovO8VqLDzy5saChRBFQFBoMYirowyW+Q9HB4HFF4Z7VZTiG3iSzJJA29yRA==

yargs@16.2.0:
  version "16.2.0"
  resolved "https://registry.yarnpkg.com/yargs/-/yargs-16.2.0.tgz#1c82bf0f6b6a66eafce7ef30e376f49a12477f66"
  integrity sha512-D1mvvtDG0L5ft/jGWkLpG1+m0eQxOfaBvTNELraWj22wSVUMWxZUvYgJYcKh6jGGIkJFhH4IZPQhR4TKpc8mBw==
  dependencies:
    cliui "^7.0.2"
    escalade "^3.1.1"
    get-caller-file "^2.0.5"
    require-directory "^2.1.1"
    string-width "^4.2.0"
    y18n "^5.0.5"
    yargs-parser "^20.2.2"

yoga-layout-prebuilt@^1.9.6:
  version "1.10.0"
  resolved "https://registry.yarnpkg.com/yoga-layout-prebuilt/-/yoga-layout-prebuilt-1.10.0.tgz#2936fbaf4b3628ee0b3e3b1df44936d6c146faa6"
  integrity sha512-YnOmtSbv4MTf7RGJMK0FvZ+KD8OEe/J5BNnR0GHhD8J/XcG/Qvxgszm0Un6FTHWW4uHlTgP0IztiXQnGyIR45g==
  dependencies:
    "@types/yoga-layout" "1.9.2"
